// !$*UTF8*$!
{
	archiveVersion = 1;
	classes = {
	};
	objectVersion = 56;
	objects = {

/* Begin PBXBuildFile section */
		F62D8A762A7295E3008D9C7A /* AppDelegate.swift in Sources */ = {isa = PBXBuildFile; fileRef = F62D8A752A7295E3008D9C7A /* AppDelegate.swift */; };
		F62D8A782A7295E3008D9C7A /* SceneDelegate.swift in Sources */ = {isa = PBXBuildFile; fileRef = F62D8A772A7295E3008D9C7A /* SceneDelegate.swift */; };
		F62D8A7A2A7295E3008D9C7A /* DemoVC.swift in Sources */ = {isa = PBXBuildFile; fileRef = F62D8A792A7295E3008D9C7A /* DemoVC.swift */; };
		F62D8A7D2A7295E3008D9C7A /* Onboarding.storyboard in Resources */ = {isa = PBXBuildFile; fileRef = F62D8A7B2A7295E3008D9C7A /* Onboarding.storyboard */; };
		F62D8A7F2A7295E4008D9C7A /* Assets.xcassets in Resources */ = {isa = PBXBuildFile; fileRef = F62D8A7E2A7295E4008D9C7A /* Assets.xcassets */; };
		F62D8A822A7295E4008D9C7A /* LaunchScreen.storyboard in Resources */ = {isa = PBXBuildFile; fileRef = F62D8A802A7295E4008D9C7A /* LaunchScreen.storyboard */; };
		F62D8A972A7A95BF008D9C7A /* OnboardingVC.swift in Sources */ = {isa = PBXBuildFile; fileRef = F62D8A962A7A95BF008D9C7A /* OnboardingVC.swift */; };
		F62D8A9D2A7A9A0B008D9C7A /* Poppins-Medium.ttf in Resources */ = {isa = PBXBuildFile; fileRef = F62D8A9A2A7A9A0B008D9C7A /* Poppins-Medium.ttf */; };
		F62D8A9E2A7A9A0B008D9C7A /* Poppins-Regular.ttf in Resources */ = {isa = PBXBuildFile; fileRef = F62D8A9B2A7A9A0B008D9C7A /* Poppins-Regular.ttf */; };
		F62D8A9F2A7A9A0B008D9C7A /* Poppins-SemiBold.ttf in Resources */ = {isa = PBXBuildFile; fileRef = F62D8A9C2A7A9A0B008D9C7A /* Poppins-SemiBold.ttf */; };
/* End PBXBuildFile section */

/* Begin PBXFileReference section */
		F62D8A722A7295E3008D9C7A /* JointStrengthApp.app */ = {isa = PBXFileReference; explicitFileType = wrapper.application; includeInIndex = 0; path = JointStrengthApp.app; sourceTree = BUILT_PRODUCTS_DIR; };
		F62D8A752A7295E3008D9C7A /* AppDelegate.swift */ = {isa = PBXFileReference; lastKnownFileType = sourcecode.swift; path = AppDelegate.swift; sourceTree = "<group>"; };
		F62D8A772A7295E3008D9C7A /* SceneDelegate.swift */ = {isa = PBXFileReference; lastKnownFileType = sourcecode.swift; path = SceneDelegate.swift; sourceTree = "<group>"; };
		F62D8A792A7295E3008D9C7A /* DemoVC.swift */ = {isa = PBXFileReference; lastKnownFileType = sourcecode.swift; path = DemoVC.swift; sourceTree = "<group>"; };
		F62D8A7C2A7295E3008D9C7A /* Base */ = {isa = PBXFileReference; lastKnownFileType = file.storyboard; name = Base; path = Base.lproj/Onboarding.storyboard; sourceTree = "<group>"; };
		F62D8A7E2A7295E4008D9C7A /* Assets.xcassets */ = {isa = PBXFileReference; lastKnownFileType = folder.assetcatalog; path = Assets.xcassets; sourceTree = "<group>"; };
		F62D8A812A7295E4008D9C7A /* Base */ = {isa = PBXFileReference; lastKnownFileType = file.storyboard; name = Base; path = Base.lproj/LaunchScreen.storyboard; sourceTree = "<group>"; };
		F62D8A832A7295E4008D9C7A /* Info.plist */ = {isa = PBXFileReference; lastKnownFileType = text.plist.xml; path = Info.plist; sourceTree = "<group>"; };
		F62D8A962A7A95BF008D9C7A /* OnboardingVC.swift */ = {isa = PBXFileReference; lastKnownFileType = sourcecode.swift; path = OnboardingVC.swift; sourceTree = "<group>"; };
		F62D8A9A2A7A9A0B008D9C7A /* Poppins-Medium.ttf */ = {isa = PBXFileReference; lastKnownFileType = file; path = "Poppins-Medium.ttf"; sourceTree = "<group>"; };
		F62D8A9B2A7A9A0B008D9C7A /* Poppins-Regular.ttf */ = {isa = PBXFileReference; lastKnownFileType = file; path = "Poppins-Regular.ttf"; sourceTree = "<group>"; };
		F62D8A9C2A7A9A0B008D9C7A /* Poppins-SemiBold.ttf */ = {isa = PBXFileReference; lastKnownFileType = file; path = "Poppins-SemiBold.ttf"; sourceTree = "<group>"; };
/* End PBXFileReference section */

/* Begin PBXFrameworksBuildPhase section */
		F62D8A6F2A7295E3008D9C7A /* Frameworks */ = {
			isa = PBXFrameworksBuildPhase;
			buildActionMask = 2147483647;
			files = (
			);
			runOnlyForDeploymentPostprocessing = 0;
		};
/* End PBXFrameworksBuildPhase section */

/* Begin PBXGroup section */
		F62D8A692A7295E3008D9C7A = {
			isa = PBXGroup;
			children = (
				F62D8A742A7295E3008D9C7A /* JointStrengthApp */,
				F62D8A732A7295E3008D9C7A /* Products */,
			);
			sourceTree = "<group>";
		};
		F62D8A732A7295E3008D9C7A /* Products */ = {
			isa = PBXGroup;
			children = (
				F62D8A722A7295E3008D9C7A /* JointStrengthApp.app */,
			);
			name = Products;
			sourceTree = "<group>";
		};
		F62D8A742A7295E3008D9C7A /* JointStrengthApp */ = {
			isa = PBXGroup;
			children = (
				F62D8A982A7A9993008D9C7A /* Resources */,
				F62D8A752A7295E3008D9C7A /* AppDelegate.swift */,
				F62D8A772A7295E3008D9C7A /* SceneDelegate.swift */,
				F62D8A792A7295E3008D9C7A /* DemoVC.swift */,
				F62D8A962A7A95BF008D9C7A /* OnboardingVC.swift */,
				F62D8A7B2A7295E3008D9C7A /* Onboarding.storyboard */,
				F62D8A802A7295E4008D9C7A /* LaunchScreen.storyboard */,
				F62D8A832A7295E4008D9C7A /* Info.plist */,
			);
			path = JointStrengthApp;
			sourceTree = "<group>";
		};
		F62D8A982A7A9993008D9C7A /* Resources */ = {
			isa = PBXGroup;
			children = (
				F62D8A992A7A99D8008D9C7A /* Fonts */,
				F62D8A7E2A7295E4008D9C7A /* Assets.xcassets */,
			);
			path = Resources;
			sourceTree = "<group>";
		};
		F62D8A992A7A99D8008D9C7A /* Fonts */ = {
			isa = PBXGroup;
			children = (
				F62D8A9A2A7A9A0B008D9C7A /* Poppins-Medium.ttf */,
				F62D8A9B2A7A9A0B008D9C7A /* Poppins-Regular.ttf */,
				F62D8A9C2A7A9A0B008D9C7A /* Poppins-SemiBold.ttf */,
			);
			path = Fonts;
			sourceTree = "<group>";
		};
/* End PBXGroup section */

/* Begin PBXNativeTarget section */
		F62D8A712A7295E3008D9C7A /* JointStrengthApp */ = {
			isa = PBXNativeTarget;
			buildConfigurationList = F62D8A862A7295E4008D9C7A /* Build configuration list for PBXNativeTarget "JointStrengthApp" */;
			buildPhases = (
				F62D8A6E2A7295E3008D9C7A /* Sources */,
				F62D8A6F2A7295E3008D9C7A /* Frameworks */,
				F62D8A702A7295E3008D9C7A /* Resources */,
			);
			buildRules = (
			);
			dependencies = (
			);
			name = JointStrengthApp;
			productName = JointStrengthApp;
			productReference = F62D8A722A7295E3008D9C7A /* JointStrengthApp.app */;
			productType = "com.apple.product-type.application";
		};
/* End PBXNativeTarget section */

/* Begin PBXProject section */
		F62D8A6A2A7295E3008D9C7A /* Project object */ = {
			isa = PBXProject;
			attributes = {
				BuildIndependentTargetsInParallel = 1;
				LastSwiftUpdateCheck = 1420;
				LastUpgradeCheck = 1420;
				TargetAttributes = {
					F62D8A712A7295E3008D9C7A = {
						CreatedOnToolsVersion = 14.2;
					};
				};
			};
			buildConfigurationList = F62D8A6D2A7295E3008D9C7A /* Build configuration list for PBXProject "JointStrengthApp" */;
			compatibilityVersion = "Xcode 14.0";
			developmentRegion = en;
			hasScannedForEncodings = 0;
			knownRegions = (
				en,
				Base,
			);
			mainGroup = F62D8A692A7295E3008D9C7A;
			productRefGroup = F62D8A732A7295E3008D9C7A /* Products */;
			projectDirPath = "";
			projectRoot = "";
			targets = (
				F62D8A712A7295E3008D9C7A /* JointStrengthApp */,
			);
		};
/* End PBXProject section */

/* Begin PBXResourcesBuildPhase section */
		F62D8A702A7295E3008D9C7A /* Resources */ = {
			isa = PBXResourcesBuildPhase;
			buildActionMask = 2147483647;
			files = (
				F62D8A822A7295E4008D9C7A /* LaunchScreen.storyboard in Resources */,
				F62D8A9D2A7A9A0B008D9C7A /* Poppins-Medium.ttf in Resources */,
				F62D8A7F2A7295E4008D9C7A /* Assets.xcassets in Resources */,
				F62D8A9F2A7A9A0B008D9C7A /* Poppins-SemiBold.ttf in Resources */,
				F62D8A7D2A7295E3008D9C7A /* Onboarding.storyboard in Resources */,
				F62D8A9E2A7A9A0B008D9C7A /* Poppins-Regular.ttf in Resources */,
			);
			runOnlyForDeploymentPostprocessing = 0;
		};
/* End PBXResourcesBuildPhase section */

/* Begin PBXSourcesBuildPhase section */
		F62D8A6E2A7295E3008D9C7A /* Sources */ = {
			isa = PBXSourcesBuildPhase;
			buildActionMask = 2147483647;
			files = (
				F62D8A7A2A7295E3008D9C7A /* DemoVC.swift in Sources */,
				F62D8A762A7295E3008D9C7A /* AppDelegate.swift in Sources */,
				F62D8A972A7A95BF008D9C7A /* OnboardingVC.swift in Sources */,
				F62D8A782A7295E3008D9C7A /* SceneDelegate.swift in Sources */,
			);
			runOnlyForDeploymentPostprocessing = 0;
		};
/* End PBXSourcesBuildPhase section */

/* Begin PBXVariantGroup section */
		F62D8A7B2A7295E3008D9C7A /* Onboarding.storyboard */ = {
			isa = PBXVariantGroup;
			children = (
				F62D8A7C2A7295E3008D9C7A /* Base */,
			);
			name = Onboarding.storyboard;
			sourceTree = "<group>";
		};
		F62D8A802A7295E4008D9C7A /* LaunchScreen.storyboard */ = {
			isa = PBXVariantGroup;
			children = (
				F62D8A812A7295E4008D9C7A /* Base */,
			);
			name = LaunchScreen.storyboard;
			sourceTree = "<group>";
		};
/* End PBXVariantGroup section */

/* Begin XCBuildConfiguration section */
		F62D8A842A7295E4008D9C7A /* Debug */ = {
			isa = XCBuildConfiguration;
			buildSettings = {
				ALWAYS_SEARCH_USER_PATHS = NO;
				CLANG_ANALYZER_NONNULL = YES;
				CLANG_ANALYZER_NUMBER_OBJECT_CONVERSION = YES_AGGRESSIVE;
				CLANG_CXX_LANGUAGE_STANDARD = "gnu++20";
				CLANG_ENABLE_MODULES = YES;
				CLANG_ENABLE_OBJC_ARC = YES;
				CLANG_ENABLE_OBJC_WEAK = YES;
				CLANG_WARN_BLOCK_CAPTURE_AUTORELEASING = YES;
				CLANG_WARN_BOOL_CONVERSION = YES;
				CLANG_WARN_COMMA = YES;
				CLANG_WARN_CONSTANT_CONVERSION = YES;
				CLANG_WARN_DEPRECATED_OBJC_IMPLEMENTATIONS = YES;
				CLANG_WARN_DIRECT_OBJC_ISA_USAGE = YES_ERROR;
				CLANG_WARN_DOCUMENTATION_COMMENTS = YES;
				CLANG_WARN_EMPTY_BODY = YES;
				CLANG_WARN_ENUM_CONVERSION = YES;
				CLANG_WARN_INFINITE_RECURSION = YES;
				CLANG_WARN_INT_CONVERSION = YES;
				CLANG_WARN_NON_LITERAL_NULL_CONVERSION = YES;
				CLANG_WARN_OBJC_IMPLICIT_RETAIN_SELF = YES;
				CLANG_WARN_OBJC_LITERAL_CONVERSION = YES;
				CLANG_WARN_OBJC_ROOT_CLASS = YES_ERROR;
				CLANG_WARN_QUOTED_INCLUDE_IN_FRAMEWORK_HEADER = YES;
				CLANG_WARN_RANGE_LOOP_ANALYSIS = YES;
				CLANG_WARN_STRICT_PROTOTYPES = YES;
				CLANG_WARN_SUSPICIOUS_MOVE = YES;
				CLANG_WARN_UNGUARDED_AVAILABILITY = YES_AGGRESSIVE;
				CLANG_WARN_UNREACHABLE_CODE = YES;
				CLANG_WARN__DUPLICATE_METHOD_MATCH = YES;
				COPY_PHASE_STRIP = NO;
				DEBUG_INFORMATION_FORMAT = dwarf;
				ENABLE_STRICT_OBJC_MSGSEND = YES;
				ENABLE_TESTABILITY = YES;
				GCC_C_LANGUAGE_STANDARD = gnu11;
				GCC_DYNAMIC_NO_PIC = NO;
				GCC_NO_COMMON_BLOCKS = YES;
				GCC_OPTIMIZATION_LEVEL = 0;
				GCC_PREPROCESSOR_DEFINITIONS = (
					"DEBUG=1",
					"$(inherited)",
				);
				GCC_WARN_64_TO_32_BIT_CONVERSION = YES;
				GCC_WARN_ABOUT_RETURN_TYPE = YES_ERROR;
				GCC_WARN_UNDECLARED_SELECTOR = YES;
				GCC_WARN_UNINITIALIZED_AUTOS = YES_AGGRESSIVE;
				GCC_WARN_UNUSED_FUNCTION = YES;
				GCC_WARN_UNUSED_VARIABLE = YES;
				IPHONEOS_DEPLOYMENT_TARGET = 16.2;
				MTL_ENABLE_DEBUG_INFO = INCLUDE_SOURCE;
				MTL_FAST_MATH = YES;
				ONLY_ACTIVE_ARCH = YES;
				SDKROOT = iphoneos;
				SWIFT_ACTIVE_COMPILATION_CONDITIONS = DEBUG;
				SWIFT_OPTIMIZATION_LEVEL = "-Onone";
			};
			name = Debug;
		};
		F62D8A852A7295E4008D9C7A /* Release */ = {
			isa = XCBuildConfiguration;
			buildSettings = {
				ALWAYS_SEARCH_USER_PATHS = NO;
				CLANG_ANALYZER_NONNULL = YES;
				CLANG_ANALYZER_NUMBER_OBJECT_CONVERSION = YES_AGGRESSIVE;
				CLANG_CXX_LANGUAGE_STANDARD = "gnu++20";
				CLANG_ENABLE_MODULES = YES;
				CLANG_ENABLE_OBJC_ARC = YES;
				CLANG_ENABLE_OBJC_WEAK = YES;
				CLANG_WARN_BLOCK_CAPTURE_AUTORELEASING = YES;
				CLANG_WARN_BOOL_CONVERSION = YES;
				CLANG_WARN_COMMA = YES;
				CLANG_WARN_CONSTANT_CONVERSION = YES;
				CLANG_WARN_DEPRECATED_OBJC_IMPLEMENTATIONS = YES;
				CLANG_WARN_DIRECT_OBJC_ISA_USAGE = YES_ERROR;
				CLANG_WARN_DOCUMENTATION_COMMENTS = YES;
				CLANG_WARN_EMPTY_BODY = YES;
				CLANG_WARN_ENUM_CONVERSION = YES;
				CLANG_WARN_INFINITE_RECURSION = YES;
				CLANG_WARN_INT_CONVERSION = YES;
				CLANG_WARN_NON_LITERAL_NULL_CONVERSION = YES;
				CLANG_WARN_OBJC_IMPLICIT_RETAIN_SELF = YES;
				CLANG_WARN_OBJC_LITERAL_CONVERSION = YES;
				CLANG_WARN_OBJC_ROOT_CLASS = YES_ERROR;
				CLANG_WARN_QUOTED_INCLUDE_IN_FRAMEWORK_HEADER = YES;
				CLANG_WARN_RANGE_LOOP_ANALYSIS = YES;
				CLANG_WARN_STRICT_PROTOTYPES = YES;
				CLANG_WARN_SUSPICIOUS_MOVE = YES;
				CLANG_WARN_UNGUARDED_AVAILABILITY = YES_AGGRESSIVE;
				CLANG_WARN_UNREACHABLE_CODE = YES;
				CLANG_WARN__DUPLICATE_METHOD_MATCH = YES;
				COPY_PHASE_STRIP = NO;
				DEBUG_INFORMATION_FORMAT = "dwarf-with-dsym";
				ENABLE_NS_ASSERTIONS = NO;
				ENABLE_STRICT_OBJC_MSGSEND = YES;
				GCC_C_LANGUAGE_STANDARD = gnu11;
				GCC_NO_COMMON_BLOCKS = YES;
				GCC_WARN_64_TO_32_BIT_CONVERSION = YES;
				GCC_WARN_ABOUT_RETURN_TYPE = YES_ERROR;
				GCC_WARN_UNDECLARED_SELECTOR = YES;
				GCC_WARN_UNINITIALIZED_AUTOS = YES_AGGRESSIVE;
				GCC_WARN_UNUSED_FUNCTION = YES;
				GCC_WARN_UNUSED_VARIABLE = YES;
				IPHONEOS_DEPLOYMENT_TARGET = 16.2;
				MTL_ENABLE_DEBUG_INFO = NO;
				MTL_FAST_MATH = YES;
				SDKROOT = iphoneos;
				SWIFT_COMPILATION_MODE = wholemodule;
				SWIFT_OPTIMIZATION_LEVEL = "-O";
				VALIDATE_PRODUCT = YES;
			};
			name = Release;
		};
		F62D8A872A7295E4008D9C7A /* Debug */ = {
			isa = XCBuildConfiguration;
			buildSettings = {
				ASSETCATALOG_COMPILER_APPICON_NAME = AppIcon;
				ASSETCATALOG_COMPILER_GLOBAL_ACCENT_COLOR_NAME = AccentColor;
				CODE_SIGN_STYLE = Automatic;
				CURRENT_PROJECT_VERSION = 1;
				GENERATE_INFOPLIST_FILE = YES;
				INFOPLIST_FILE = JointStrengthApp/Info.plist;
				INFOPLIST_KEY_UIApplicationSupportsIndirectInputEvents = YES;
				INFOPLIST_KEY_UILaunchStoryboardName = LaunchScreen;
				INFOPLIST_KEY_UIMainStoryboardFile = Main;
				INFOPLIST_KEY_UISupportedInterfaceOrientations_iPad = "UIInterfaceOrientationPortrait UIInterfaceOrientationPortraitUpsideDown UIInterfaceOrientationLandscapeLeft UIInterfaceOrientationLandscapeRight";
				INFOPLIST_KEY_UISupportedInterfaceOrientations_iPhone = "UIInterfaceOrientationPortrait UIInterfaceOrientationLandscapeLeft UIInterfaceOrientationLandscapeRight";
				LD_RUNPATH_SEARCH_PATHS = (
					"$(inherited)",
					"@executable_path/Frameworks",
				);
				MARKETING_VERSION = 1.0;
				PRODUCT_BUNDLE_IDENTIFIER = com.shafique.JointStrengthApp;
				PRODUCT_NAME = "$(TARGET_NAME)";
				SWIFT_EMIT_LOC_STRINGS = YES;
				SWIFT_VERSION = 5.0;
				TARGETED_DEVICE_FAMILY = "1,2";
			};
			name = Debug;
		};
		F62D8A882A7295E4008D9C7A /* Release */ = {
			isa = XCBuildConfiguration;
			buildSettings = {
				ASSETCATALOG_COMPILER_APPICON_NAME = AppIcon;
				ASSETCATALOG_COMPILER_GLOBAL_ACCENT_COLOR_NAME = AccentColor;
				CODE_SIGN_STYLE = Automatic;
				CURRENT_PROJECT_VERSION = 1;
				GENERATE_INFOPLIST_FILE = YES;
				INFOPLIST_FILE = JointStrengthApp/Info.plist;
				INFOPLIST_KEY_UIApplicationSupportsIndirectInputEvents = YES;
				INFOPLIST_KEY_UILaunchStoryboardName = LaunchScreen;
				INFOPLIST_KEY_UIMainStoryboardFile = Main;
				INFOPLIST_KEY_UISupportedInterfaceOrientations_iPad = "UIInterfaceOrientationPortrait UIInterfaceOrientationPortraitUpsideDown UIInterfaceOrientationLandscapeLeft UIInterfaceOrientationLandscapeRight";
				INFOPLIST_KEY_UISupportedInterfaceOrientations_iPhone = "UIInterfaceOrientationPortrait UIInterfaceOrientationLandscapeLeft UIInterfaceOrientationLandscapeRight";
				LD_RUNPATH_SEARCH_PATHS = (
					"$(inherited)",
					"@executable_path/Frameworks",
				);
				MARKETING_VERSION = 1.0;
				PRODUCT_BUNDLE_IDENTIFIER = com.shafique.JointStrengthApp;
				PRODUCT_NAME = "$(TARGET_NAME)";
				SWIFT_EMIT_LOC_STRINGS = YES;
				SWIFT_VERSION = 5.0;
				TARGETED_DEVICE_FAMILY = "1,2";
			};
			name = Release;
		};
/* End XCBuildConfiguration section */

/* Begin XCConfigurationList section */
		F62D8A6D2A7295E3008D9C7A /* Build configuration list for PBXProject "JointStrengthApp" */ = {
			isa = XCConfigurationList;
			buildConfigurations = (
				F62D8A842A7295E4008D9C7A /* Debug */,
				F62D8A852A7295E4008D9C7A /* Release */,
			);
			defaultConfigurationIsVisible = 0;
			defaultConfigurationName = Release;
		};
		F62D8A862A7295E4008D9C7A /* Build configuration list for PBXNativeTarget "JointStrengthApp" */ = {
			isa = XCConfigurationList;
			buildConfigurations = (
				F62D8A872A7295E4008D9C7A /* Debug */,
				F62D8A882A7295E4008D9C7A /* Release */,
			);
			defaultConfigurationIsVisible = 0;
			defaultConfigurationName = Release;
		};
/* End XCConfigurationList section */
	};
	rootObject = F62D8A6A2A7295E3008D9C7A /* Project object */;
}
